
Microsoft Visual Studio Solution File, Format Version 12.00
# Visual Studio Version 17
VisualStudioVersion = 17.9.34616.47
MinimumVisualStudioVersion = 10.0.40219.1
Project("{FAE04EC0-301F-11D3-BF4B-00C04F79EFBC}") = "01.CounterStrike", "01.CounterStrike\01.CounterStrike.csproj", "{C6E32943-0537-4012-AC8C-CC0960C585EF}"
EndProject
Project("{FAE04EC0-301F-11D3-BF4B-00C04F79EFBC}") = "03.MemoryGame", "03.MemoryGame\03.MemoryGame.csproj", "{E2A45AC9-B89A-4589-9B96-9724A576FDDD}"
EndProject
Project("{FAE04EC0-301F-11D3-BF4B-00C04F79EFBC}") = "02.TreasureHunt", "02.TreasureHunt\02.TreasureHunt.csproj", "{9B6CFC34-B1D0-4F9D-9C48-7DF0DEDD6B63}"
EndProject
Global
	GlobalSection(SolutionConfigurationPlatforms) = preSolution
		Debug|Any CPU = Debug|Any CPU
		Release|Any CPU = Release|Any CPU
	EndGlobalSection
	GlobalSection(ProjectConfigurationPlatforms) = postSolution
		{C6E32943-0537-4012-AC8C-CC0960C585EF}.Debug|Any CPU.ActiveCfg = Debug|Any CPU
		{C6E32943-0537-4012-AC8C-CC0960C585EF}.Debug|Any CPU.Build.0 = Debug|Any CPU
		{C6E32943-0537-4012-AC8C-CC0960C585EF}.Release|Any CPU.ActiveCfg = Release|Any CPU
		{C6E32943-0537-4012-AC8C-CC0960C585EF}.Release|Any CPU.Build.0 = Release|Any CPU
		{E2A45AC9-B89A-4589-9B96-9724A576FDDD}.Debug|Any CPU.ActiveCfg = Debug|Any CPU
		{E2A45AC9-B89A-4589-9B96-9724A576FDDD}.Debug|Any CPU.Build.0 = Debug|Any CPU
		{E2A45AC9-B89A-4589-9B96-9724A576FDDD}.Release|Any CPU.ActiveCfg = Release|Any CPU
		{E2A45AC9-B89A-4589-9B96-9724A576FDDD}.Release|Any CPU.Build.0 = Release|Any CPU
		{9B6CFC34-B1D0-4F9D-9C48-7DF0DEDD6B63}.Debug|Any CPU.ActiveCfg = Debug|Any CPU
		{9B6CFC34-B1D0-4F9D-9C48-7DF0DEDD6B63}.Debug|Any CPU.Build.0 = Debug|Any CPU
		{9B6CFC34-B1D0-4F9D-9C48-7DF0DEDD6B63}.Release|Any CPU.ActiveCfg = Release|Any CPU
		{9B6CFC34-B1D0-4F9D-9C48-7DF0DEDD6B63}.Release|Any CPU.Build.0 = Release|Any CPU
	EndGlobalSection
	GlobalSection(SolutionProperties) = preSolution
		HideSolutionNode = FALSE
	EndGlobalSection
	GlobalSection(ExtensibilityGlobals) = postSolution
		SolutionGuid = {3B3F049C-E121-4C76-AD02-A32EA2A83E27}
	EndGlobalSection
EndGlobal
