
Microsoft Visual Studio Solution File, Format Version 12.00
# Visual Studio Version 17
VisualStudioVersion = 17.7.34024.191
MinimumVisualStudioVersion = 10.0.40219.1
Project("{9A19103F-16F7-4668-BE54-9A1E7A4F7556}") = "01.ActivationKeys", "01.ActivationKeys\01.ActivationKeys.csproj", "{F7476F75-CB52-4C0E-9099-0755DE9384FB}"
EndProject
Project("{9A19103F-16F7-4668-BE54-9A1E7A4F7556}") = "02.EmojiDetector", "02.Emojidetector\02.EmojiDetector.csproj", "{169400D7-5FCF-40D3-B12D-0296CF01FD09}"
EndProject
Project("{9A19103F-16F7-4668-BE54-9A1E7A4F7556}") = "03.HeroesOfCodeAndLogicVII", "03.HeroesOfCodeAndLogicVII\03.HeroesOfCodeAndLogicVII.csproj", "{46D93502-C032-424B-8518-DBC0C26E82F6}"
EndProject
Global
	GlobalSection(SolutionConfigurationPlatforms) = preSolution
		Debug|Any CPU = Debug|Any CPU
		Release|Any CPU = Release|Any CPU
	EndGlobalSection
	GlobalSection(ProjectConfigurationPlatforms) = postSolution
		{F7476F75-CB52-4C0E-9099-0755DE9384FB}.Debug|Any CPU.ActiveCfg = Debug|Any CPU
		{F7476F75-CB52-4C0E-9099-0755DE9384FB}.Debug|Any CPU.Build.0 = Debug|Any CPU
		{F7476F75-CB52-4C0E-9099-0755DE9384FB}.Release|Any CPU.ActiveCfg = Release|Any CPU
		{F7476F75-CB52-4C0E-9099-0755DE9384FB}.Release|Any CPU.Build.0 = Release|Any CPU
		{169400D7-5FCF-40D3-B12D-0296CF01FD09}.Debug|Any CPU.ActiveCfg = Debug|Any CPU
		{169400D7-5FCF-40D3-B12D-0296CF01FD09}.Debug|Any CPU.Build.0 = Debug|Any CPU
		{169400D7-5FCF-40D3-B12D-0296CF01FD09}.Release|Any CPU.ActiveCfg = Release|Any CPU
		{169400D7-5FCF-40D3-B12D-0296CF01FD09}.Release|Any CPU.Build.0 = Release|Any CPU
		{46D93502-C032-424B-8518-DBC0C26E82F6}.Debug|Any CPU.ActiveCfg = Debug|Any CPU
		{46D93502-C032-424B-8518-DBC0C26E82F6}.Debug|Any CPU.Build.0 = Debug|Any CPU
		{46D93502-C032-424B-8518-DBC0C26E82F6}.Release|Any CPU.ActiveCfg = Release|Any CPU
		{46D93502-C032-424B-8518-DBC0C26E82F6}.Release|Any CPU.Build.0 = Release|Any CPU
	EndGlobalSection
	GlobalSection(SolutionProperties) = preSolution
		HideSolutionNode = FALSE
	EndGlobalSection
	GlobalSection(ExtensibilityGlobals) = postSolution
		SolutionGuid = {971D25E0-73EE-4469-B608-4F92F9DB40F8}
	EndGlobalSection
EndGlobal
